
Microsoft Visual Studio Solution File, Format Version 12.00
# Visual Studio Version 17
VisualStudioVersion = 17.12.35506.116
MinimumVisualStudioVersion = 10.0.40219.1
Project("{9A19103F-16F7-4668-BE54-9A1E7A4F7556}") = "CCMS", "CCMS\CCMS.csproj", "{BBFD066A-DDC4-46C0-BF8D-862BFEF0A510}"
EndProject
Global
	GlobalSection(SolutionConfigurationPlatforms) = preSolution
		Debug|Any CPU = Debug|Any CPU
		Release|Any CPU = Release|Any CPU
	EndGlobalSection
	GlobalSection(ProjectConfigurationPlatforms) = postSolution
		{BBFD066A-DDC4-46C0-BF8D-862BFEF0A510}.Debug|Any CPU.ActiveCfg = Debug|Any CPU
		{BBFD066A-DDC4-46C0-BF8D-862BFEF0A510}.Debug|Any CPU.Build.0 = Debug|Any CPU
		{BBFD066A-DDC4-46C0-BF8D-862BFEF0A510}.Release|Any CPU.ActiveCfg = Release|Any CPU
		{BBFD066A-DDC4-46C0-BF8D-862BFEF0A510}.Release|Any CPU.Build.0 = Release|Any CPU
	EndGlobalSection
	GlobalSection(SolutionProperties) = preSolution
		HideSolutionNode = FALSE
	EndGlobalSection
EndGlobal
